
Microsoft Visual Studio Solution File, Format Version 12.00
# Visual Studio Version 16
VisualStudioVersion = 16.0.29806.167
MinimumVisualStudioVersion = 10.0.40219.1
Project("{FAE04EC0-301F-11D3-BF4B-00C04F79EFBC}") = "PWWindowRenamer", "PWWindowRenamer\PWWindowRenamer.csproj", "{28DF2B2D-ADE8-4A98-931C-7BC8FEEF9E81}"
EndProject
Global
	GlobalSection(SolutionConfigurationPlatforms) = preSolution
		Debug|Any CPU = Debug|Any CPU
		Release|Any CPU = Release|Any CPU
	EndGlobalSection
	GlobalSection(ProjectConfigurationPlatforms) = postSolution
		{28DF2B2D-ADE8-4A98-931C-7BC8FEEF9E81}.Debug|Any CPU.ActiveCfg = Debug|Any CPU
		{28DF2B2D-ADE8-4A98-931C-7BC8FEEF9E81}.Debug|Any CPU.Build.0 = Debug|Any CPU
		{28DF2B2D-ADE8-4A98-931C-7BC8FEEF9E81}.Release|Any CPU.ActiveCfg = Release|Any CPU
		{28DF2B2D-ADE8-4A98-931C-7BC8FEEF9E81}.Release|Any CPU.Build.0 = Release|Any CPU
	EndGlobalSection
	GlobalSection(SolutionProperties) = preSolution
		HideSolutionNode = FALSE
	EndGlobalSection
	GlobalSection(ExtensibilityGlobals) = postSolution
		SolutionGuid = {BD6C0EC6-AA2E-4EB3-9A45-5B2A6A1916B4}
	EndGlobalSection
EndGlobal
